
Microsoft Visual Studio Solution File, Format Version 12.00
# Visual Studio Version 17
VisualStudioVersion = 17.0.32014.148
MinimumVisualStudioVersion = 10.0.40219.1
Project("{FAE04EC0-301F-11D3-BF4B-00C04F79EFBC}") = "MineSweeper", "MineSweeper\MineSweeper.csproj", "{3E95F250-B9E2-495E-9EA3-6731A22BD08B}"
EndProject
Global
	GlobalSection(SolutionConfigurationPlatforms) = preSolution
		Debug|Any CPU = Debug|Any CPU
		Release|Any CPU = Release|Any CPU
	EndGlobalSection
	GlobalSection(ProjectConfigurationPlatforms) = postSolution
		{3E95F250-B9E2-495E-9EA3-6731A22BD08B}.Debug|Any CPU.ActiveCfg = Debug|Any CPU
		{3E95F250-B9E2-495E-9EA3-6731A22BD08B}.Debug|Any CPU.Build.0 = Debug|Any CPU
		{3E95F250-B9E2-495E-9EA3-6731A22BD08B}.Release|Any CPU.ActiveCfg = Release|Any CPU
		{3E95F250-B9E2-495E-9EA3-6731A22BD08B}.Release|Any CPU.Build.0 = Release|Any CPU
	EndGlobalSection
	GlobalSection(SolutionProperties) = preSolution
		HideSolutionNode = FALSE
	EndGlobalSection
	GlobalSection(ExtensibilityGlobals) = postSolution
		SolutionGuid = {A4DC4BFE-39BD-4012-89C6-3A419F202852}
	EndGlobalSection
EndGlobal
